// !$*UTF8*$!
{
	archiveVersion = 1;
	classes = {
	};
	objectVersion = 46;
	objects = {

/* Begin PBXBuildFile section */
		2604E7DB1B46432300029189 /* FriendListViewController.m in Sources */ = {isa = PBXBuildFile; fileRef = 2604E7DA1B46432300029189 /* FriendListViewController.m */; };
		2604E7DD1B464AD800029189 /* 1435916693_icon-111-search.png in Resources */ = {isa = PBXBuildFile; fileRef = 2604E7DC1B464AD800029189 /* 1435916693_icon-111-search.png */; };
		2633E5DA1B439EF500BBD861 /* TableViewCell.m in Sources */ = {isa = PBXBuildFile; fileRef = 2633E5D91B439EF500BBD861 /* TableViewCell.m */; };
		2633E5DD1B43BF0D00BBD861 /* Product.m in Sources */ = {isa = PBXBuildFile; fileRef = 2633E5DC1B43BF0D00BBD861 /* Product.m */; };
		2633E5E01B43C98D00BBD861 /* ListViewController.m in Sources */ = {isa = PBXBuildFile; fileRef = 2633E5DF1B43C98D00BBD861 /* ListViewController.m */; };
		2633E5E31B43E96D00BBD861 /* AddProductViewController.m in Sources */ = {isa = PBXBuildFile; fileRef = 2633E5E21B43E96D00BBD861 /* AddProductViewController.m */; };
		264E1D271B45119A00650179 /* UIColor+Helpers.m in Sources */ = {isa = PBXBuildFile; fileRef = 264E1D261B45119A00650179 /* UIColor+Helpers.m */; };
		264E1D2A1B451B7D00650179 /* List.m in Sources */ = {isa = PBXBuildFile; fileRef = 264E1D291B451B7D00650179 /* List.m */; };
		264E1D2D1B452C7100650179 /* TableViewCell2.m in Sources */ = {isa = PBXBuildFile; fileRef = 264E1D2C1B452C7100650179 /* TableViewCell2.m */; };
		2691AF821B4259AA00F8965A /* main.m in Sources */ = {isa = PBXBuildFile; fileRef = 2691AF811B4259AA00F8965A /* main.m */; };
		2691AF851B4259AA00F8965A /* AppDelegate.m in Sources */ = {isa = PBXBuildFile; fileRef = 2691AF841B4259AA00F8965A /* AppDelegate.m */; };
		2691AF881B4259AA00F8965A /* ViewController.m in Sources */ = {isa = PBXBuildFile; fileRef = 2691AF871B4259AA00F8965A /* ViewController.m */; };
		2691AF8B1B4259AA00F8965A /* Main.storyboard in Resources */ = {isa = PBXBuildFile; fileRef = 2691AF891B4259AA00F8965A /* Main.storyboard */; };
		2691AF8D1B4259AA00F8965A /* Images.xcassets in Resources */ = {isa = PBXBuildFile; fileRef = 2691AF8C1B4259AA00F8965A /* Images.xcassets */; };
		2691AF901B4259AA00F8965A /* LaunchScreen.xib in Resources */ = {isa = PBXBuildFile; fileRef = 2691AF8E1B4259AA00F8965A /* LaunchScreen.xib */; };
		2691AF9C1B4259AA00F8965A /* _BuyTests.m in Sources */ = {isa = PBXBuildFile; fileRef = 2691AF9B1B4259AA00F8965A /* _BuyTests.m */; };
		2691AFA61B4259BB00F8965A /* 1.jpg in Resources */ = {isa = PBXBuildFile; fileRef = 2691AFA51B4259BB00F8965A /* 1.jpg */; };
		2691AFA91B425FF200F8965A /* SignUpViewController.m in Sources */ = {isa = PBXBuildFile; fileRef = 2691AFA81B425FF200F8965A /* SignUpViewController.m */; };
		2691AFAC1B42629400F8965A /* ListsViewController.m in Sources */ = {isa = PBXBuildFile; fileRef = 2691AFAB1B42629400F8965A /* ListsViewController.m */; };
		2691AFB11B428AC200F8965A /* 1435670918_group.png in Resources */ = {isa = PBXBuildFile; fileRef = 2691AFB01B428AC200F8965A /* 1435670918_group.png */; };
		2691AFB41B42975A00F8965A /* AddListViewController.m in Sources */ = {isa = PBXBuildFile; fileRef = 2691AFB31B42975A00F8965A /* AddListViewController.m */; };
		2691AFBA1B42C76D00F8965A /* ProfileViewController.m in Sources */ = {isa = PBXBuildFile; fileRef = 2691AFB91B42C76D00F8965A /* ProfileViewController.m */; };
		3B001A411C84D7A89224B244 /* libPods.a in Frameworks */ = {isa = PBXBuildFile; fileRef = AE7034234675364BFDB845EC /* libPods.a */; };
/* End PBXBuildFile section */

/* Begin PBXContainerItemProxy section */
		2691AF961B4259AA00F8965A /* PBXContainerItemProxy */ = {
			isa = PBXContainerItemProxy;
			containerPortal = 2691AF741B4259AA00F8965A /* Project object */;
			proxyType = 1;
			remoteGlobalIDString = 2691AF7B1B4259AA00F8965A;
			remoteInfo = 4Buy;
		};
/* End PBXContainerItemProxy section */

/* Begin PBXFileReference section */
		2604E7D91B46432300029189 /* FriendListViewController.h */ = {isa = PBXFileReference; fileEncoding = 4; lastKnownFileType = sourcecode.c.h; path = FriendListViewController.h; sourceTree = "<group>"; };
		2604E7DA1B46432300029189 /* FriendListViewController.m */ = {isa = PBXFileReference; fileEncoding = 4; lastKnownFileType = sourcecode.c.objc; path = FriendListViewController.m; sourceTree = "<group>"; };
		2604E7DC1B464AD800029189 /* 1435916693_icon-111-search.png */ = {isa = PBXFileReference; lastKnownFileType = image.png; name = "1435916693_icon-111-search.png"; path = "../../../Downloads/1435916693_icon-111-search.png"; sourceTree = "<group>"; };
		2633E5D81B439EF500BBD861 /* TableViewCell.h */ = {isa = PBXFileReference; fileEncoding = 4; lastKnownFileType = sourcecode.c.h; path = TableViewCell.h; sourceTree = "<group>"; };
		2633E5D91B439EF500BBD861 /* TableViewCell.m */ = {isa = PBXFileReference; fileEncoding = 4; lastKnownFileType = sourcecode.c.objc; path = TableViewCell.m; sourceTree = "<group>"; };
		2633E5DB1B43BF0D00BBD861 /* Product.h */ = {isa = PBXFileReference; fileEncoding = 4; lastKnownFileType = sourcecode.c.h; path = Product.h; sourceTree = "<group>"; };
		2633E5DC1B43BF0D00BBD861 /* Product.m */ = {isa = PBXFileReference; fileEncoding = 4; lastKnownFileType = sourcecode.c.objc; path = Product.m; sourceTree = "<group>"; };
		2633E5DE1B43C98D00BBD861 /* ListViewController.h */ = {isa = PBXFileReference; fileEncoding = 4; lastKnownFileType = sourcecode.c.h; path = ListViewController.h; sourceTree = "<group>"; };
		2633E5DF1B43C98D00BBD861 /* ListViewController.m */ = {isa = PBXFileReference; fileEncoding = 4; lastKnownFileType = sourcecode.c.objc; path = ListViewController.m; sourceTree = "<group>"; };
		2633E5E11B43E96D00BBD861 /* AddProductViewController.h */ = {isa = PBXFileReference; fileEncoding = 4; lastKnownFileType = sourcecode.c.h; path = AddProductViewController.h; sourceTree = "<group>"; };
		2633E5E21B43E96D00BBD861 /* AddProductViewController.m */ = {isa = PBXFileReference; fileEncoding = 4; lastKnownFileType = sourcecode.c.objc; path = AddProductViewController.m; sourceTree = "<group>"; };
		264E1D251B45119A00650179 /* UIColor+Helpers.h */ = {isa = PBXFileReference; fileEncoding = 4; lastKnownFileType = sourcecode.c.h; path = "UIColor+Helpers.h"; sourceTree = "<group>"; };
		264E1D261B45119A00650179 /* UIColor+Helpers.m */ = {isa = PBXFileReference; fileEncoding = 4; lastKnownFileType = sourcecode.c.objc; path = "UIColor+Helpers.m"; sourceTree = "<group>"; };
		264E1D281B451B7D00650179 /* List.h */ = {isa = PBXFileReference; fileEncoding = 4; lastKnownFileType = sourcecode.c.h; path = List.h; sourceTree = "<group>"; };
		264E1D291B451B7D00650179 /* List.m */ = {isa = PBXFileReference; fileEncoding = 4; lastKnownFileType = sourcecode.c.objc; path = List.m; sourceTree = "<group>"; };
		264E1D2B1B452C7100650179 /* TableViewCell2.h */ = {isa = PBXFileReference; fileEncoding = 4; lastKnownFileType = sourcecode.c.h; path = TableViewCell2.h; sourceTree = "<group>"; };
		264E1D2C1B452C7100650179 /* TableViewCell2.m */ = {isa = PBXFileReference; fileEncoding = 4; lastKnownFileType = sourcecode.c.objc; path = TableViewCell2.m; sourceTree = "<group>"; };
		2691AF7C1B4259AA00F8965A /* 4Buy.app */ = {isa = PBXFileReference; explicitFileType = wrapper.application; includeInIndex = 0; path = 4Buy.app; sourceTree = BUILT_PRODUCTS_DIR; };
		2691AF801B4259AA00F8965A /* Info.plist */ = {isa = PBXFileReference; lastKnownFileType = text.plist.xml; path = Info.plist; sourceTree = "<group>"; };
		2691AF811B4259AA00F8965A /* main.m */ = {isa = PBXFileReference; lastKnownFileType = sourcecode.c.objc; path = main.m; sourceTree = "<group>"; };
		2691AF831B4259AA00F8965A /* AppDelegate.h */ = {isa = PBXFileReference; lastKnownFileType = sourcecode.c.h; path = AppDelegate.h; sourceTree = "<group>"; };
		2691AF841B4259AA00F8965A /* AppDelegate.m */ = {isa = PBXFileReference; lastKnownFileType = sourcecode.c.objc; path = AppDelegate.m; sourceTree = "<group>"; };
		2691AF861B4259AA00F8965A /* ViewController.h */ = {isa = PBXFileReference; lastKnownFileType = sourcecode.c.h; path = ViewController.h; sourceTree = "<group>"; };
		2691AF871B4259AA00F8965A /* ViewController.m */ = {isa = PBXFileReference; lastKnownFileType = sourcecode.c.objc; path = ViewController.m; sourceTree = "<group>"; };
		2691AF8A1B4259AA00F8965A /* Base */ = {isa = PBXFileReference; lastKnownFileType = file.storyboard; name = Base; path = Base.lproj/Main.storyboard; sourceTree = "<group>"; };
		2691AF8C1B4259AA00F8965A /* Images.xcassets */ = {isa = PBXFileReference; lastKnownFileType = folder.assetcatalog; path = Images.xcassets; sourceTree = "<group>"; };
		2691AF8F1B4259AA00F8965A /* Base */ = {isa = PBXFileReference; lastKnownFileType = file.xib; name = Base; path = Base.lproj/LaunchScreen.xib; sourceTree = "<group>"; };
		2691AF951B4259AA00F8965A /* 4BuyTests.xctest */ = {isa = PBXFileReference; explicitFileType = wrapper.cfbundle; includeInIndex = 0; path = 4BuyTests.xctest; sourceTree = BUILT_PRODUCTS_DIR; };
		2691AF9A1B4259AA00F8965A /* Info.plist */ = {isa = PBXFileReference; lastKnownFileType = text.plist.xml; path = Info.plist; sourceTree = "<group>"; };
		2691AF9B1B4259AA00F8965A /* _BuyTests.m */ = {isa = PBXFileReference; lastKnownFileType = sourcecode.c.objc; path = _BuyTests.m; sourceTree = "<group>"; };
		2691AFA51B4259BB00F8965A /* 1.jpg */ = {isa = PBXFileReference; lastKnownFileType = image.jpeg; name = 1.jpg; path = ../../pictures/1.jpg; sourceTree = "<group>"; };
		2691AFA71B425FF200F8965A /* SignUpViewController.h */ = {isa = PBXFileReference; fileEncoding = 4; lastKnownFileType = sourcecode.c.h; path = SignUpViewController.h; sourceTree = "<group>"; };
		2691AFA81B425FF200F8965A /* SignUpViewController.m */ = {isa = PBXFileReference; fileEncoding = 4; lastKnownFileType = sourcecode.c.objc; path = SignUpViewController.m; sourceTree = "<group>"; };
		2691AFAA1B42629400F8965A /* ListsViewController.h */ = {isa = PBXFileReference; fileEncoding = 4; lastKnownFileType = sourcecode.c.h; path = ListsViewController.h; sourceTree = "<group>"; };
		2691AFAB1B42629400F8965A /* ListsViewController.m */ = {isa = PBXFileReference; fileEncoding = 4; lastKnownFileType = sourcecode.c.objc; path = ListsViewController.m; sourceTree = "<group>"; };
		2691AFAF1B426A8100F8965A /* Podfile */ = {isa = PBXFileReference; lastKnownFileType = text; path = Podfile; sourceTree = "<group>"; xcLanguageSpecificationIdentifier = xcode.lang.ruby; };
		2691AFB01B428AC200F8965A /* 1435670918_group.png */ = {isa = PBXFileReference; lastKnownFileType = image.png; name = 1435670918_group.png; path = ../../../Downloads/1435670918_group.png; sourceTree = "<group>"; };
		2691AFB21B42975A00F8965A /* AddListViewController.h */ = {isa = PBXFileReference; fileEncoding = 4; lastKnownFileType = sourcecode.c.h; path = AddListViewController.h; sourceTree = "<group>"; };
		2691AFB31B42975A00F8965A /* AddListViewController.m */ = {isa = PBXFileReference; fileEncoding = 4; lastKnownFileType = sourcecode.c.objc; path = AddListViewController.m; sourceTree = "<group>"; };
		2691AFB81B42C76D00F8965A /* ProfileViewController.h */ = {isa = PBXFileReference; fileEncoding = 4; lastKnownFileType = sourcecode.c.h; path = ProfileViewController.h; sourceTree = "<group>"; };
		2691AFB91B42C76D00F8965A /* ProfileViewController.m */ = {isa = PBXFileReference; fileEncoding = 4; lastKnownFileType = sourcecode.c.objc; path = ProfileViewController.m; sourceTree = "<group>"; };
		29D698E9550094792C5565B3 /* Pods.release.xcconfig */ = {isa = PBXFileReference; includeInIndex = 1; lastKnownFileType = text.xcconfig; name = Pods.release.xcconfig; path = "Pods/Target Support Files/Pods/Pods.release.xcconfig"; sourceTree = "<group>"; };
		7171A919B392921C705C7250 /* Pods.debug.xcconfig */ = {isa = PBXFileReference; includeInIndex = 1; lastKnownFileType = text.xcconfig; name = Pods.debug.xcconfig; path = "Pods/Target Support Files/Pods/Pods.debug.xcconfig"; sourceTree = "<group>"; };
		AE7034234675364BFDB845EC /* libPods.a */ = {isa = PBXFileReference; explicitFileType = archive.ar; includeInIndex = 0; path = libPods.a; sourceTree = BUILT_PRODUCTS_DIR; };
/* End PBXFileReference section */

/* Begin PBXFrameworksBuildPhase section */
		2691AF791B4259AA00F8965A /* Frameworks */ = {
			isa = PBXFrameworksBuildPhase;
			buildActionMask = 2147483647;
			files = (
				3B001A411C84D7A89224B244 /* libPods.a in Frameworks */,
			);
			runOnlyForDeploymentPostprocessing = 0;
		};
		2691AF921B4259AA00F8965A /* Frameworks */ = {
			isa = PBXFrameworksBuildPhase;
			buildActionMask = 2147483647;
			files = (
			);
			runOnlyForDeploymentPostprocessing = 0;
		};
/* End PBXFrameworksBuildPhase section */

/* Begin PBXGroup section */
		2691AF731B4259AA00F8965A = {
			isa = PBXGroup;
			children = (
				2691AFAF1B426A8100F8965A /* Podfile */,
				2691AF7E1B4259AA00F8965A /* 4Buy */,
				2691AF981B4259AA00F8965A /* 4BuyTests */,
				2691AF7D1B4259AA00F8965A /* Products */,
				680490DEC3D93BD0F0EC6836 /* Pods */,
				BC58DCE2B7397208A0CBA7D4 /* Frameworks */,
			);
			sourceTree = "<group>";
		};
		2691AF7D1B4259AA00F8965A /* Products */ = {
			isa = PBXGroup;
			children = (
				2691AF7C1B4259AA00F8965A /* 4Buy.app */,
				2691AF951B4259AA00F8965A /* 4BuyTests.xctest */,
			);
			name = Products;
			sourceTree = "<group>";
		};
		2691AF7E1B4259AA00F8965A /* 4Buy */ = {
			isa = PBXGroup;
			children = (
				2691AF831B4259AA00F8965A /* AppDelegate.h */,
				2691AF841B4259AA00F8965A /* AppDelegate.m */,
				2691AF861B4259AA00F8965A /* ViewController.h */,
				2691AF871B4259AA00F8965A /* ViewController.m */,
				2691AF891B4259AA00F8965A /* Main.storyboard */,
				2604E7D91B46432300029189 /* FriendListViewController.h */,
				2604E7DA1B46432300029189 /* FriendListViewController.m */,
				264E1D2B1B452C7100650179 /* TableViewCell2.h */,
				264E1D2C1B452C7100650179 /* TableViewCell2.m */,
				2633E5E11B43E96D00BBD861 /* AddProductViewController.h */,
				2633E5E21B43E96D00BBD861 /* AddProductViewController.m */,
				2633E5DE1B43C98D00BBD861 /* ListViewController.h */,
				2633E5DF1B43C98D00BBD861 /* ListViewController.m */,
				2691AFB81B42C76D00F8965A /* ProfileViewController.h */,
				2691AFB91B42C76D00F8965A /* ProfileViewController.m */,
				2691AFB21B42975A00F8965A /* AddListViewController.h */,
				2691AFB31B42975A00F8965A /* AddListViewController.m */,
				2633E5D81B439EF500BBD861 /* TableViewCell.h */,
				2633E5D91B439EF500BBD861 /* TableViewCell.m */,
				2691AFAA1B42629400F8965A /* ListsViewController.h */,
				2691AFAB1B42629400F8965A /* ListsViewController.m */,
				264E1D281B451B7D00650179 /* List.h */,
				264E1D291B451B7D00650179 /* List.m */,
				264E1D251B45119A00650179 /* UIColor+Helpers.h */,
				264E1D261B45119A00650179 /* UIColor+Helpers.m */,
				2633E5DB1B43BF0D00BBD861 /* Product.h */,
				2633E5DC1B43BF0D00BBD861 /* Product.m */,
				2691AFA71B425FF200F8965A /* SignUpViewController.h */,
				2691AFA81B425FF200F8965A /* SignUpViewController.m */,
				2691AF8C1B4259AA00F8965A /* Images.xcassets */,
				2691AF8E1B4259AA00F8965A /* LaunchScreen.xib */,
				2691AF7F1B4259AA00F8965A /* Supporting Files */,
			);
			path = 4Buy;
			sourceTree = "<group>";
		};
		2691AF7F1B4259AA00F8965A /* Supporting Files */ = {
			isa = PBXGroup;
			children = (
				2604E7DC1B464AD800029189 /* 1435916693_icon-111-search.png */,
				2691AFB01B428AC200F8965A /* 1435670918_group.png */,
				2691AFA51B4259BB00F8965A /* 1.jpg */,
				2691AF801B4259AA00F8965A /* Info.plist */,
				2691AF811B4259AA00F8965A /* main.m */,
			);
			name = "Supporting Files";
			sourceTree = "<group>";
		};
		2691AF981B4259AA00F8965A /* 4BuyTests */ = {
			isa = PBXGroup;
			children = (
				2691AF9B1B4259AA00F8965A /* _BuyTests.m */,
				2691AF991B4259AA00F8965A /* Supporting Files */,
			);
			path = 4BuyTests;
			sourceTree = "<group>";
		};
		2691AF991B4259AA00F8965A /* Supporting Files */ = {
			isa = PBXGroup;
			children = (
				2691AF9A1B4259AA00F8965A /* Info.plist */,
			);
			name = "Supporting Files";
			sourceTree = "<group>";
		};
		680490DEC3D93BD0F0EC6836 /* Pods */ = {
			isa = PBXGroup;
			children = (
				7171A919B392921C705C7250 /* Pods.debug.xcconfig */,
				29D698E9550094792C5565B3 /* Pods.release.xcconfig */,
			);
			name = Pods;
			sourceTree = "<group>";
		};
		BC58DCE2B7397208A0CBA7D4 /* Frameworks */ = {
			isa = PBXGroup;
			children = (
				AE7034234675364BFDB845EC /* libPods.a */,
			);
			name = Frameworks;
			sourceTree = "<group>";
		};
/* End PBXGroup section */

/* Begin PBXNativeTarget section */
		2691AF7B1B4259AA00F8965A /* 4Buy */ = {
			isa = PBXNativeTarget;
			buildConfigurationList = 2691AF9F1B4259AA00F8965A /* Build configuration list for PBXNativeTarget "4Buy" */;
			buildPhases = (
				A65D07236372DC43E42ADC0F /* Check Pods Manifest.lock */,
				2691AF781B4259AA00F8965A /* Sources */,
				2691AF791B4259AA00F8965A /* Frameworks */,
				2691AF7A1B4259AA00F8965A /* Resources */,
				C8E3B36DF4BACA9C78B38CB3 /* Copy Pods Resources */,
			);
			buildRules = (
			);
			dependencies = (
			);
			name = 4Buy;
			productName = 4Buy;
			productReference = 2691AF7C1B4259AA00F8965A /* 4Buy.app */;
			productType = "com.apple.product-type.application";
		};
		2691AF941B4259AA00F8965A /* 4BuyTests */ = {
			isa = PBXNativeTarget;
			buildConfigurationList = 2691AFA21B4259AA00F8965A /* Build configuration list for PBXNativeTarget "4BuyTests" */;
			buildPhases = (
				2691AF911B4259AA00F8965A /* Sources */,
				2691AF921B4259AA00F8965A /* Frameworks */,
				2691AF931B4259AA00F8965A /* Resources */,
			);
			buildRules = (
			);
			dependencies = (
				2691AF971B4259AA00F8965A /* PBXTargetDependency */,
			);
			name = 4BuyTests;
			productName = 4BuyTests;
			productReference = 2691AF951B4259AA00F8965A /* 4BuyTests.xctest */;
			productType = "com.apple.product-type.bundle.unit-test";
		};
/* End PBXNativeTarget section */

/* Begin PBXProject section */
		2691AF741B4259AA00F8965A /* Project object */ = {
			isa = PBXProject;
			attributes = {
				LastUpgradeCheck = 0630;
				ORGANIZATIONNAME = "Даурен Макул";
				TargetAttributes = {
					2691AF7B1B4259AA00F8965A = {
						CreatedOnToolsVersion = 6.3.2;
					};
					2691AF941B4259AA00F8965A = {
						CreatedOnToolsVersion = 6.3.2;
						TestTargetID = 2691AF7B1B4259AA00F8965A;
					};
				};
			};
			buildConfigurationList = 2691AF771B4259AA00F8965A /* Build configuration list for PBXProject "4Buy" */;
			compatibilityVersion = "Xcode 3.2";
			developmentRegion = English;
			hasScannedForEncodings = 0;
			knownRegions = (
				en,
				Base,
			);
			mainGroup = 2691AF731B4259AA00F8965A;
			productRefGroup = 2691AF7D1B4259AA00F8965A /* Products */;
			projectDirPath = "";
			projectRoot = "";
			targets = (
				2691AF7B1B4259AA00F8965A /* 4Buy */,
				2691AF941B4259AA00F8965A /* 4BuyTests */,
			);
		};
/* End PBXProject section */

/* Begin PBXResourcesBuildPhase section */
		2691AF7A1B4259AA00F8965A /* Resources */ = {
			isa = PBXResourcesBuildPhase;
			buildActionMask = 2147483647;
			files = (
				2691AFB11B428AC200F8965A /* 1435670918_group.png in Resources */,
				2691AF8B1B4259AA00F8965A /* Main.storyboard in Resources */,
				2691AFA61B4259BB00F8965A /* 1.jpg in Resources */,
				2691AF901B4259AA00F8965A /* LaunchScreen.xib in Resources */,
				2691AF8D1B4259AA00F8965A /* Images.xcassets in Resources */,
				2604E7DD1B464AD800029189 /* 1435916693_icon-111-search.png in Resources */,
			);
			runOnlyForDeploymentPostprocessing = 0;
		};
		2691AF931B4259AA00F8965A /* Resources */ = {
			isa = PBXResourcesBuildPhase;
			buildActionMask = 2147483647;
			files = (
			);
			runOnlyForDeploymentPostprocessing = 0;
		};
/* End PBXResourcesBuildPhase section */

/* Begin PBXShellScriptBuildPhase section */
		A65D07236372DC43E42ADC0F /* Check Pods Manifest.lock */ = {
			isa = PBXShellScriptBuildPhase;
			buildActionMask = 2147483647;
			files = (
			);
			inputPaths = (
			);
			name = "Check Pods Manifest.lock";
			outputPaths = (
			);
			runOnlyForDeploymentPostprocessing = 0;
			shellPath = /bin/sh;
			shellScript = "diff \"${PODS_ROOT}/../Podfile.lock\" \"${PODS_ROOT}/Manifest.lock\" > /dev/null\nif [[ $? != 0 ]] ; then\n    cat << EOM\nerror: The sandbox is not in sync with the Podfile.lock. Run 'pod install' or update your CocoaPods installation.\nEOM\n    exit 1\nfi\n";
			showEnvVarsInLog = 0;
		};
		C8E3B36DF4BACA9C78B38CB3 /* Copy Pods Resources */ = {
			isa = PBXShellScriptBuildPhase;
			buildActionMask = 2147483647;
			files = (
			);
			inputPaths = (
			);
			name = "Copy Pods Resources";
			outputPaths = (
			);
			runOnlyForDeploymentPostprocessing = 0;
			shellPath = /bin/sh;
			shellScript = "\"${SRCROOT}/Pods/Target Support Files/Pods/Pods-resources.sh\"\n";
			showEnvVarsInLog = 0;
		};
/* End PBXShellScriptBuildPhase section */

/* Begin PBXSourcesBuildPhase section */
		2691AF781B4259AA00F8965A /* Sources */ = {
			isa = PBXSourcesBuildPhase;
			buildActionMask = 2147483647;
			files = (
				264E1D2A1B451B7D00650179 /* List.m in Sources */,
				2633E5DD1B43BF0D00BBD861 /* Product.m in Sources */,
				2633E5E01B43C98D00BBD861 /* ListViewController.m in Sources */,
				2691AFAC1B42629400F8965A /* ListsViewController.m in Sources */,
				2691AFBA1B42C76D00F8965A /* ProfileViewController.m in Sources */,
				2691AF881B4259AA00F8965A /* ViewController.m in Sources */,
				2604E7DB1B46432300029189 /* FriendListViewController.m in Sources */,
				2633E5DA1B439EF500BBD861 /* TableViewCell.m in Sources */,
				2691AFB41B42975A00F8965A /* AddListViewController.m in Sources */,
				264E1D2D1B452C7100650179 /* TableViewCell2.m in Sources */,
				2691AF851B4259AA00F8965A /* AppDelegate.m in Sources */,
				2691AFA91B425FF200F8965A /* SignUpViewController.m in Sources */,
				264E1D271B45119A00650179 /* UIColor+Helpers.m in Sources */,
				2633E5E31B43E96D00BBD861 /* AddProductViewController.m in Sources */,
				2691AF821B4259AA00F8965A /* main.m in Sources */,
			);
			runOnlyForDeploymentPostprocessing = 0;
		};
		2691AF911B4259AA00F8965A /* Sources */ = {
			isa = PBXSourcesBuildPhase;
			buildActionMask = 2147483647;
			files = (
				2691AF9C1B4259AA00F8965A /* _BuyTests.m in Sources */,
			);
			runOnlyForDeploymentPostprocessing = 0;
		};
/* End PBXSourcesBuildPhase section */

/* Begin PBXTargetDependency section */
		2691AF971B4259AA00F8965A /* PBXTargetDependency */ = {
			isa = PBXTargetDependency;
			target = 2691AF7B1B4259AA00F8965A /* 4Buy */;
			targetProxy = 2691AF961B4259AA00F8965A /* PBXContainerItemProxy */;
		};
/* End PBXTargetDependency section */

/* Begin PBXVariantGroup section */
		2691AF891B4259AA00F8965A /* Main.storyboard */ = {
			isa = PBXVariantGroup;
			children = (
				2691AF8A1B4259AA00F8965A /* Base */,
			);
			name = Main.storyboard;
			sourceTree = "<group>";
		};
		2691AF8E1B4259AA00F8965A /* LaunchScreen.xib */ = {
			isa = PBXVariantGroup;
			children = (
				2691AF8F1B4259AA00F8965A /* Base */,
			);
			name = LaunchScreen.xib;
			sourceTree = "<group>";
		};
/* End PBXVariantGroup section */

/* Begin XCBuildConfiguration section */
		2691AF9D1B4259AA00F8965A /* Debug */ = {
			isa = XCBuildConfiguration;
			buildSettings = {
				ALWAYS_SEARCH_USER_PATHS = NO;
				CLANG_CXX_LANGUAGE_STANDARD = "gnu++0x";
				CLANG_CXX_LIBRARY = "libc++";
				CLANG_ENABLE_MODULES = YES;
				CLANG_ENABLE_OBJC_ARC = YES;
				CLANG_WARN_BOOL_CONVERSION = YES;
				CLANG_WARN_CONSTANT_CONVERSION = YES;
				CLANG_WARN_DIRECT_OBJC_ISA_USAGE = YES_ERROR;
				CLANG_WARN_EMPTY_BODY = YES;
				CLANG_WARN_ENUM_CONVERSION = YES;
				CLANG_WARN_INT_CONVERSION = YES;
				CLANG_WARN_OBJC_ROOT_CLASS = YES_ERROR;
				CLANG_WARN_UNREACHABLE_CODE = YES;
				CLANG_WARN__DUPLICATE_METHOD_MATCH = YES;
				"CODE_SIGN_IDENTITY[sdk=iphoneos*]" = "iPhone Developer";
				COPY_PHASE_STRIP = NO;
				DEBUG_INFORMATION_FORMAT = "dwarf-with-dsym";
				ENABLE_STRICT_OBJC_MSGSEND = YES;
				GCC_C_LANGUAGE_STANDARD = gnu99;
				GCC_DYNAMIC_NO_PIC = NO;
				GCC_NO_COMMON_BLOCKS = YES;
				GCC_OPTIMIZATION_LEVEL = 0;
				GCC_PREPROCESSOR_DEFINITIONS = (
					"DEBUG=1",
					"$(inherited)",
				);
				GCC_SYMBOLS_PRIVATE_EXTERN = NO;
				GCC_WARN_64_TO_32_BIT_CONVERSION = YES;
				GCC_WARN_ABOUT_RETURN_TYPE = YES_ERROR;
				GCC_WARN_UNDECLARED_SELECTOR = YES;
				GCC_WARN_UNINITIALIZED_AUTOS = YES_AGGRESSIVE;
				GCC_WARN_UNUSED_FUNCTION = YES;
				GCC_WARN_UNUSED_VARIABLE = YES;
				IPHONEOS_DEPLOYMENT_TARGET = 8.3;
				MTL_ENABLE_DEBUG_INFO = YES;
				ONLY_ACTIVE_ARCH = YES;
				SDKROOT = iphoneos;
			};
			name = Debug;
		};
		2691AF9E1B4259AA00F8965A /* Release */ = {
			isa = XCBuildConfiguration;
			buildSettings = {
				ALWAYS_SEARCH_USER_PATHS = NO;
				CLANG_CXX_LANGUAGE_STANDARD = "gnu++0x";
				CLANG_CXX_LIBRARY = "libc++";
				CLANG_ENABLE_MODULES = YES;
				CLANG_ENABLE_OBJC_ARC = YES;
				CLANG_WARN_BOOL_CONVERSION = YES;
				CLANG_WARN_CONSTANT_CONVERSION = YES;
				CLANG_WARN_DIRECT_OBJC_ISA_USAGE = YES_ERROR;
				CLANG_WARN_EMPTY_BODY = YES;
				CLANG_WARN_ENUM_CONVERSION = YES;
				CLANG_WARN_INT_CONVERSION = YES;
				CLANG_WARN_OBJC_ROOT_CLASS = YES_ERROR;
				CLANG_WARN_UNREACHABLE_CODE = YES;
				CLANG_WARN__DUPLICATE_METHOD_MATCH = YES;
				"CODE_SIGN_IDENTITY[sdk=iphoneos*]" = "iPhone Developer";
				COPY_PHASE_STRIP = NO;
				DEBUG_INFORMATION_FORMAT = "dwarf-with-dsym";
				ENABLE_NS_ASSERTIONS = NO;
				ENABLE_STRICT_OBJC_MSGSEND = YES;
				GCC_C_LANGUAGE_STANDARD = gnu99;
				GCC_NO_COMMON_BLOCKS = YES;
				GCC_WARN_64_TO_32_BIT_CONVERSION = YES;
				GCC_WARN_ABOUT_RETURN_TYPE = YES_ERROR;
				GCC_WARN_UNDECLARED_SELECTOR = YES;
				GCC_WARN_UNINITIALIZED_AUTOS = YES_AGGRESSIVE;
				GCC_WARN_UNUSED_FUNCTION = YES;
				GCC_WARN_UNUSED_VARIABLE = YES;
				IPHONEOS_DEPLOYMENT_TARGET = 8.3;
				MTL_ENABLE_DEBUG_INFO = NO;
				SDKROOT = iphoneos;
				VALIDATE_PRODUCT = YES;
			};
			name = Release;
		};
		2691AFA01B4259AA00F8965A /* Debug */ = {
			isa = XCBuildConfiguration;
			baseConfigurationReference = 7171A919B392921C705C7250 /* Pods.debug.xcconfig */;
			buildSettings = {
				ASSETCATALOG_COMPILER_APPICON_NAME = AppIcon;
				INFOPLIST_FILE = 4Buy/Info.plist;
				LD_RUNPATH_SEARCH_PATHS = "$(inherited) @executable_path/Frameworks";
				PRODUCT_NAME = "$(TARGET_NAME)";
			};
			name = Debug;
		};
		2691AFA11B4259AA00F8965A /* Release */ = {
			isa = XCBuildConfiguration;
			baseConfigurationReference = 29D698E9550094792C5565B3 /* Pods.release.xcconfig */;
			buildSettings = {
				ASSETCATALOG_COMPILER_APPICON_NAME = AppIcon;
				INFOPLIST_FILE = 4Buy/Info.plist;
				LD_RUNPATH_SEARCH_PATHS = "$(inherited) @executable_path/Frameworks";
				PRODUCT_NAME = "$(TARGET_NAME)";
			};
			name = Release;
		};
		2691AFA31B4259AA00F8965A /* Debug */ = {
			isa = XCBuildConfiguration;
			buildSettings = {
				BUNDLE_LOADER = "$(TEST_HOST)";
				FRAMEWORK_SEARCH_PATHS = (
					"$(SDKROOT)/Developer/Library/Frameworks",
					"$(inherited)",
				);
				GCC_PREPROCESSOR_DEFINITIONS = (
					"DEBUG=1",
					"$(inherited)",
				);
				INFOPLIST_FILE = 4BuyTests/Info.plist;
				LD_RUNPATH_SEARCH_PATHS = "$(inherited) @executable_path/Frameworks @loader_path/Frameworks";
				PRODUCT_NAME = "$(TARGET_NAME)";
				TEST_HOST = "$(BUILT_PRODUCTS_DIR)/4Buy.app/4Buy";
			};
			name = Debug;
		};
		2691AFA41B4259AA00F8965A /* Release */ = {
			isa = XCBuildConfiguration;
			buildSettings = {
				BUNDLE_LOADER = "$(TEST_HOST)";
				FRAMEWORK_SEARCH_PATHS = (
					"$(SDKROOT)/Developer/Library/Frameworks",
					"$(inherited)",
				);
				INFOPLIST_FILE = 4BuyTests/Info.plist;
				LD_RUNPATH_SEARCH_PATHS = "$(inherited) @executable_path/Frameworks @loader_path/Frameworks";
				PRODUCT_NAME = "$(TARGET_NAME)";
				TEST_HOST = "$(BUILT_PRODUCTS_DIR)/4Buy.app/4Buy";
			};
			name = Release;
		};
/* End XCBuildConfiguration section */

/* Begin XCConfigurationList section */
		2691AF771B4259AA00F8965A /* Build configuration list for PBXProject "4Buy" */ = {
			isa = XCConfigurationList;
			buildConfigurations = (
				2691AF9D1B4259AA00F8965A /* Debug */,
				2691AF9E1B4259AA00F8965A /* Release */,
			);
			defaultConfigurationIsVisible = 0;
			defaultConfigurationName = Release;
		};
		2691AF9F1B4259AA00F8965A /* Build configuration list for PBXNativeTarget "4Buy" */ = {
			isa = XCConfigurationList;
			buildConfigurations = (
				2691AFA01B4259AA00F8965A /* Debug */,
				2691AFA11B4259AA00F8965A /* Release */,
			);
			defaultConfigurationIsVisible = 0;
			defaultConfigurationName = Release;
		};
		2691AFA21B4259AA00F8965A /* Build configuration list for PBXNativeTarget "4BuyTests" */ = {
			isa = XCConfigurationList;
			buildConfigurations = (
				2691AFA31B4259AA00F8965A /* Debug */,
				2691AFA41B4259AA00F8965A /* Release */,
			);
			defaultConfigurationIsVisible = 0;
			defaultConfigurationName = Release;
		};
/* End XCConfigurationList section */
	};
	rootObject = 2691AF741B4259AA00F8965A /* Project object */;
}
